// !$*UTF8*$!
{
	archiveVersion = 1;
	classes = {
	};
	objectVersion = 55;
	objects = {

/* Begin PBXBuildFile section */
		2206E4082C6BA3EB000B5AE4 /* ExpenseModel.swift in Sources */ = {isa = PBXBuildFile; fileRef = 2206E4072C6BA3EB000B5AE4 /* ExpenseModel.swift */; };
		2270D4E72B9B8167004D26B8 /* AddItemTestCase.swift in Sources */ = {isa = PBXBuildFile; fileRef = 2270D4E62B9B8167004D26B8 /* AddItemTestCase.swift */; };
		2270D4E82B9B8473004D26B8 /* Budgets.swift in Sources */ = {isa = PBXBuildFile; fileRef = 229828A12B93F69600348C97 /* Budgets.swift */; };
		2270D4F42B9B8E4A004D26B8 /* iSpendUITests.swift in Sources */ = {isa = PBXBuildFile; fileRef = 2270D4F32B9B8E4A004D26B8 /* iSpendUITests.swift */; };
		2270D4F62B9B8E4A004D26B8 /* iSpendUITestsLaunchTests.swift in Sources */ = {isa = PBXBuildFile; fileRef = 2270D4F52B9B8E4A004D26B8 /* iSpendUITestsLaunchTests.swift */; };
		2273A3C52BFBDA53002B4260 /* ExpenseItemView.swift in Sources */ = {isa = PBXBuildFile; fileRef = 2273A3C42BFBDA53002B4260 /* ExpenseItemView.swift */; };
		2276FDEA2A70526300E0B60F /* Expenses.swift in Sources */ = {isa = PBXBuildFile; fileRef = 2276FDE02A70526200E0B60F /* Expenses.swift */; };
		2276FDEB2A70526300E0B60F /* Expenses.swift in Sources */ = {isa = PBXBuildFile; fileRef = 2276FDE02A70526200E0B60F /* Expenses.swift */; };
		2276FDEE2A70526300E0B60F /* FormatStyle-LocalCurrency.swift in Sources */ = {isa = PBXBuildFile; fileRef = 2276FDE22A70526200E0B60F /* FormatStyle-LocalCurrency.swift */; };
		2276FDEF2A70526300E0B60F /* FormatStyle-LocalCurrency.swift in Sources */ = {isa = PBXBuildFile; fileRef = 2276FDE22A70526200E0B60F /* FormatStyle-LocalCurrency.swift */; };
		2276FDF02A70526300E0B60F /* ContentView.swift in Sources */ = {isa = PBXBuildFile; fileRef = 2276FDE32A70526200E0B60F /* ContentView.swift */; };
		2276FDF12A70526300E0B60F /* ContentView.swift in Sources */ = {isa = PBXBuildFile; fileRef = 2276FDE32A70526200E0B60F /* ContentView.swift */; };
		2276FDF22A70526300E0B60F /* View-ExpenseStyling.swift in Sources */ = {isa = PBXBuildFile; fileRef = 2276FDE42A70526200E0B60F /* View-ExpenseStyling.swift */; };
		2276FDF32A70526300E0B60F /* View-ExpenseStyling.swift in Sources */ = {isa = PBXBuildFile; fileRef = 2276FDE42A70526200E0B60F /* View-ExpenseStyling.swift */; };
		2276FDF82A70526300E0B60F /* iSpendApp.swift in Sources */ = {isa = PBXBuildFile; fileRef = 2276FDE72A70526200E0B60F /* iSpendApp.swift */; };
		2276FDF92A70526300E0B60F /* iSpendApp.swift in Sources */ = {isa = PBXBuildFile; fileRef = 2276FDE72A70526200E0B60F /* iSpendApp.swift */; };
		2276FDFC2A70526300E0B60F /* Assets.xcassets in Resources */ = {isa = PBXBuildFile; fileRef = 2276FDE92A70526300E0B60F /* Assets.xcassets */; };
		2276FDFD2A70526300E0B60F /* Assets.xcassets in Resources */ = {isa = PBXBuildFile; fileRef = 2276FDE92A70526300E0B60F /* Assets.xcassets */; };
		2276FE022A7192E700E0B60F /* README.md in Resources */ = {isa = PBXBuildFile; fileRef = 2276FE012A7192E700E0B60F /* README.md */; };
		22851D902C73BAB700240BD6 /* ExpenseModelView.swift in Sources */ = {isa = PBXBuildFile; fileRef = 22851D8F2C73BAB700240BD6 /* ExpenseModelView.swift */; };
		22851D912C73BAB700240BD6 /* ExpenseModelView.swift in Sources */ = {isa = PBXBuildFile; fileRef = 22851D8F2C73BAB700240BD6 /* ExpenseModelView.swift */; };
		22851D922C73BAB700240BD6 /* ExpenseModelView.swift in Sources */ = {isa = PBXBuildFile; fileRef = 22851D8F2C73BAB700240BD6 /* ExpenseModelView.swift */; };
		22851D942C73DE5500240BD6 /* CommonViews.swift in Sources */ = {isa = PBXBuildFile; fileRef = 22851D932C73DE5500240BD6 /* CommonViews.swift */; };
		22851D952C73DE5500240BD6 /* CommonViews.swift in Sources */ = {isa = PBXBuildFile; fileRef = 22851D932C73DE5500240BD6 /* CommonViews.swift */; };
		22851D962C73DE5500240BD6 /* CommonViews.swift in Sources */ = {isa = PBXBuildFile; fileRef = 22851D932C73DE5500240BD6 /* CommonViews.swift */; };
		22851D982C73DE9B00240BD6 /* Utils.swift in Sources */ = {isa = PBXBuildFile; fileRef = 22851D972C73DE9B00240BD6 /* Utils.swift */; };
		22851D992C73DE9B00240BD6 /* Utils.swift in Sources */ = {isa = PBXBuildFile; fileRef = 22851D972C73DE9B00240BD6 /* Utils.swift */; };
		22851D9A2C73DE9B00240BD6 /* Utils.swift in Sources */ = {isa = PBXBuildFile; fileRef = 22851D972C73DE9B00240BD6 /* Utils.swift */; };
		229828A22B93F69600348C97 /* Budgets.swift in Sources */ = {isa = PBXBuildFile; fileRef = 229828A12B93F69600348C97 /* Budgets.swift */; };
		22BB24652BFBCA0A00FF1294 /* AddExpenseView.swift in Sources */ = {isa = PBXBuildFile; fileRef = 22BB24622BFBCA0A00FF1294 /* AddExpenseView.swift */; };
		22BB24662BFBCA0A00FF1294 /* Configuration.swift in Sources */ = {isa = PBXBuildFile; fileRef = 22BB24632BFBCA0A00FF1294 /* Configuration.swift */; };
		22BB24672BFBCA0A00FF1294 /* SettingView.swift in Sources */ = {isa = PBXBuildFile; fileRef = 22BB24642BFBCA0A00FF1294 /* SettingView.swift */; };
		22C3457C2B9E534C0049D67D /* iSpendUnitTest.swift in Sources */ = {isa = PBXBuildFile; fileRef = 22C3457B2B9E534C0049D67D /* iSpendUnitTest.swift */; };
		22DF27572C6E8BF0007D1B7D /* ExpenseModelViewEditor.swift in Sources */ = {isa = PBXBuildFile; fileRef = 22DF27562C6E8BF0007D1B7D /* ExpenseModelViewEditor.swift */; };
		22DF27582C6E8BF0007D1B7D /* ExpenseModelViewEditor.swift in Sources */ = {isa = PBXBuildFile; fileRef = 22DF27562C6E8BF0007D1B7D /* ExpenseModelViewEditor.swift */; };
		22DF27592C6E8BF0007D1B7D /* ExpenseModelViewEditor.swift in Sources */ = {isa = PBXBuildFile; fileRef = 22DF27562C6E8BF0007D1B7D /* ExpenseModelViewEditor.swift */; };
/* End PBXBuildFile section */

/* Begin PBXContainerItemProxy section */
		2270D4F72B9B8E4A004D26B8 /* PBXContainerItemProxy */ = {
			isa = PBXContainerItemProxy;
			containerPortal = 515A85B2272FD57B00C6A00C /* Project object */;
			proxyType = 1;
			remoteGlobalIDString = 515A85B9272FD57B00C6A00C;
			remoteInfo = iSpend;
		};
		2276FD8D2A703E9300E0B60F /* PBXContainerItemProxy */ = {
			isa = PBXContainerItemProxy;
			containerPortal = 515A85B2272FD57B00C6A00C /* Project object */;
			proxyType = 1;
			remoteGlobalIDString = 515A85B9272FD57B00C6A00C;
			remoteInfo = iSpend;
		};
/* End PBXContainerItemProxy section */

/* Begin PBXFileReference section */
		2206E4072C6BA3EB000B5AE4 /* ExpenseModel.swift */ = {isa = PBXFileReference; lastKnownFileType = sourcecode.swift; path = ExpenseModel.swift; sourceTree = "<group>"; };
		221B32412BA0ACAE0060BDF1 /* Appfile */ = {isa = PBXFileReference; lastKnownFileType = text; path = Appfile; sourceTree = "<group>"; };
		221B32422BA0ACAE0060BDF1 /* Fastfile */ = {isa = PBXFileReference; lastKnownFileType = text; path = Fastfile; sourceTree = "<group>"; };
		221B32432BA0ACAE0060BDF1 /* README.md */ = {isa = PBXFileReference; lastKnownFileType = net.daringfireball.markdown; path = README.md; sourceTree = "<group>"; };
		221B32442BA0ACAE0060BDF1 /* report.xml */ = {isa = PBXFileReference; lastKnownFileType = text.xml; path = report.xml; sourceTree = "<group>"; };
		2270D4E62B9B8167004D26B8 /* AddItemTestCase.swift */ = {isa = PBXFileReference; lastKnownFileType = sourcecode.swift; path = AddItemTestCase.swift; sourceTree = "<group>"; };
		2270D4EC2B9B8AC6004D26B8 /* iSpendTest.xctestplan */ = {isa = PBXFileReference; lastKnownFileType = text; path = iSpendTest.xctestplan; sourceTree = "<group>"; };
		2270D4F12B9B8E4A004D26B8 /* iSpendUITests.xctest */ = {isa = PBXFileReference; explicitFileType = wrapper.cfbundle; includeInIndex = 0; path = iSpendUITests.xctest; sourceTree = BUILT_PRODUCTS_DIR; };
		2270D4F32B9B8E4A004D26B8 /* iSpendUITests.swift */ = {isa = PBXFileReference; lastKnownFileType = sourcecode.swift; path = iSpendUITests.swift; sourceTree = "<group>"; };
		2270D4F52B9B8E4A004D26B8 /* iSpendUITestsLaunchTests.swift */ = {isa = PBXFileReference; lastKnownFileType = sourcecode.swift; path = iSpendUITestsLaunchTests.swift; sourceTree = "<group>"; };
		2270D4FC2B9B8F29004D26B8 /* iSpendUITests.xctestplan */ = {isa = PBXFileReference; lastKnownFileType = text; path = iSpendUITests.xctestplan; sourceTree = "<group>"; };
		2273A3C42BFBDA53002B4260 /* ExpenseItemView.swift */ = {isa = PBXFileReference; lastKnownFileType = sourcecode.swift; path = ExpenseItemView.swift; sourceTree = "<group>"; };
		2276FD892A703E9300E0B60F /* iSpendTests.xctest */ = {isa = PBXFileReference; explicitFileType = wrapper.cfbundle; includeInIndex = 0; path = iSpendTests.xctest; sourceTree = BUILT_PRODUCTS_DIR; };
		2276FDE02A70526200E0B60F /* Expenses.swift */ = {isa = PBXFileReference; fileEncoding = 4; lastKnownFileType = sourcecode.swift; path = Expenses.swift; sourceTree = "<group>"; };
		2276FDE22A70526200E0B60F /* FormatStyle-LocalCurrency.swift */ = {isa = PBXFileReference; fileEncoding = 4; lastKnownFileType = sourcecode.swift; path = "FormatStyle-LocalCurrency.swift"; sourceTree = "<group>"; };
		2276FDE32A70526200E0B60F /* ContentView.swift */ = {isa = PBXFileReference; fileEncoding = 4; lastKnownFileType = sourcecode.swift; path = ContentView.swift; sourceTree = "<group>"; };
		2276FDE42A70526200E0B60F /* View-ExpenseStyling.swift */ = {isa = PBXFileReference; fileEncoding = 4; lastKnownFileType = sourcecode.swift; path = "View-ExpenseStyling.swift"; sourceTree = "<group>"; };
		2276FDE72A70526200E0B60F /* iSpendApp.swift */ = {isa = PBXFileReference; fileEncoding = 4; lastKnownFileType = sourcecode.swift; path = iSpendApp.swift; sourceTree = "<group>"; };
		2276FDE92A70526300E0B60F /* Assets.xcassets */ = {isa = PBXFileReference; lastKnownFileType = folder.assetcatalog; path = Assets.xcassets; sourceTree = "<group>"; };
		2276FE012A7192E700E0B60F /* README.md */ = {isa = PBXFileReference; fileEncoding = 4; lastKnownFileType = net.daringfireball.markdown; name = README.md; path = ../README.md; sourceTree = "<group>"; };
		22851D8F2C73BAB700240BD6 /* ExpenseModelView.swift */ = {isa = PBXFileReference; lastKnownFileType = sourcecode.swift; path = ExpenseModelView.swift; sourceTree = "<group>"; };
		22851D932C73DE5500240BD6 /* CommonViews.swift */ = {isa = PBXFileReference; lastKnownFileType = sourcecode.swift; path = CommonViews.swift; sourceTree = "<group>"; };
		22851D972C73DE9B00240BD6 /* Utils.swift */ = {isa = PBXFileReference; lastKnownFileType = sourcecode.swift; path = Utils.swift; sourceTree = "<group>"; };
		229828A12B93F69600348C97 /* Budgets.swift */ = {isa = PBXFileReference; lastKnownFileType = sourcecode.swift; path = Budgets.swift; sourceTree = "<group>"; };
		22BB24622BFBCA0A00FF1294 /* AddExpenseView.swift */ = {isa = PBXFileReference; fileEncoding = 4; lastKnownFileType = sourcecode.swift; path = AddExpenseView.swift; sourceTree = "<group>"; };
		22BB24632BFBCA0A00FF1294 /* Configuration.swift */ = {isa = PBXFileReference; fileEncoding = 4; lastKnownFileType = sourcecode.swift; path = Configuration.swift; sourceTree = "<group>"; };
		22BB24642BFBCA0A00FF1294 /* SettingView.swift */ = {isa = PBXFileReference; fileEncoding = 4; lastKnownFileType = sourcecode.swift; path = SettingView.swift; sourceTree = "<group>"; };
		22C3457B2B9E534C0049D67D /* iSpendUnitTest.swift */ = {isa = PBXFileReference; lastKnownFileType = sourcecode.swift; path = iSpendUnitTest.swift; sourceTree = "<group>"; };
		22C7D9652B97E27E00FA6A4D /* iSpend.entitlements */ = {isa = PBXFileReference; lastKnownFileType = text.plist.entitlements; path = iSpend.entitlements; sourceTree = "<group>"; };
		22CD64F92BFFD86E005565FF /* AppIcon.png */ = {isa = PBXFileReference; lastKnownFileType = image.png; name = AppIcon.png; path = iSpend/Assets.xcassets/AppIcon.png; sourceTree = "<group>"; };
		22DF27562C6E8BF0007D1B7D /* ExpenseModelViewEditor.swift */ = {isa = PBXFileReference; lastKnownFileType = sourcecode.swift; path = ExpenseModelViewEditor.swift; sourceTree = "<group>"; };
		515A85BA272FD57B00C6A00C /* iSpend.app */ = {isa = PBXFileReference; explicitFileType = wrapper.application; includeInIndex = 0; path = iSpend.app; sourceTree = BUILT_PRODUCTS_DIR; };
/* End PBXFileReference section */

/* Begin PBXFrameworksBuildPhase section */
		2270D4EE2B9B8E4A004D26B8 /* Frameworks */ = {
			isa = PBXFrameworksBuildPhase;
			buildActionMask = 2147483647;
			files = (
			);
			runOnlyForDeploymentPostprocessing = 0;
		};
		2276FD862A703E9300E0B60F /* Frameworks */ = {
			isa = PBXFrameworksBuildPhase;
			buildActionMask = 2147483647;
			files = (
			);
			runOnlyForDeploymentPostprocessing = 0;
		};
		515A85B7272FD57B00C6A00C /* Frameworks */ = {
			isa = PBXFrameworksBuildPhase;
			buildActionMask = 2147483647;
			files = (
			);
			runOnlyForDeploymentPostprocessing = 0;
		};
/* End PBXFrameworksBuildPhase section */

/* Begin PBXGroup section */
		2206E4092C6BA485000B5AE4 /* model */ = {
			isa = PBXGroup;
			children = (
				2206E4072C6BA3EB000B5AE4 /* ExpenseModel.swift */,
			);
			path = model;
			sourceTree = "<group>";
		};
		2206E40A2C6BA499000B5AE4 /* view */ = {
			isa = PBXGroup;
			children = (
				2276FDE32A70526200E0B60F /* ContentView.swift */,
				22DF27562C6E8BF0007D1B7D /* ExpenseModelViewEditor.swift */,
				22851D8F2C73BAB700240BD6 /* ExpenseModelView.swift */,
			);
			path = view;
			sourceTree = "<group>";
		};
		221B32452BA0ACAE0060BDF1 /* fastlane */ = {
			isa = PBXGroup;
			children = (
				221B32412BA0ACAE0060BDF1 /* Appfile */,
				221B32422BA0ACAE0060BDF1 /* Fastfile */,
				221B32432BA0ACAE0060BDF1 /* README.md */,
				221B32442BA0ACAE0060BDF1 /* report.xml */,
			);
			path = fastlane;
			sourceTree = "<group>";
		};
		2270D4E52B9B8142004D26B8 /* tests */ = {
			isa = PBXGroup;
			children = (
				2270D4E62B9B8167004D26B8 /* AddItemTestCase.swift */,
			);
			path = tests;
			sourceTree = "<group>";
		};
		2270D4F22B9B8E4A004D26B8 /* iSpendUITests */ = {
			isa = PBXGroup;
			children = (
				2270D4F32B9B8E4A004D26B8 /* iSpendUITests.swift */,
				2270D4F52B9B8E4A004D26B8 /* iSpendUITestsLaunchTests.swift */,
			);
			path = iSpendUITests;
			sourceTree = "<group>";
		};
		2276FD942A70512900E0B60F /* iSpend */ = {
			isa = PBXGroup;
			children = (
				2276FDE72A70526200E0B60F /* iSpendApp.swift */,
				22DF275A2C6E8EFD007D1B7D /* old */,
				2206E40A2C6BA499000B5AE4 /* view */,
				2206E4092C6BA485000B5AE4 /* model */,
				2276FDE92A70526300E0B60F /* Assets.xcassets */,
				2276FDE22A70526200E0B60F /* FormatStyle-LocalCurrency.swift */,
				22C7D9652B97E27E00FA6A4D /* iSpend.entitlements */,
				2276FE012A7192E700E0B60F /* README.md */,
				2270D4E52B9B8142004D26B8 /* tests */,
				2276FDE42A70526200E0B60F /* View-ExpenseStyling.swift */,
				22851D972C73DE9B00240BD6 /* Utils.swift */,
			);
			path = iSpend;
			sourceTree = "<group>";
		};
		22C3457A2B9E53120049D67D /* iSpendUinitTests */ = {
			isa = PBXGroup;
			children = (
				22C3457B2B9E534C0049D67D /* iSpendUnitTest.swift */,
			);
			path = iSpendUinitTests;
			sourceTree = "<group>";
		};
		22DF275A2C6E8EFD007D1B7D /* old */ = {
			isa = PBXGroup;
			children = (
				22851D932C73DE5500240BD6 /* CommonViews.swift */,
				22BB24622BFBCA0A00FF1294 /* AddExpenseView.swift */,
				22BB24642BFBCA0A00FF1294 /* SettingView.swift */,
				229828A12B93F69600348C97 /* Budgets.swift */,
				22BB24632BFBCA0A00FF1294 /* Configuration.swift */,
				2273A3C42BFBDA53002B4260 /* ExpenseItemView.swift */,
				2276FDE02A70526200E0B60F /* Expenses.swift */,
			);
			path = old;
			sourceTree = "<group>";
		};
		515A85B1272FD57B00C6A00C = {
			isa = PBXGroup;
			children = (
				22CD64F92BFFD86E005565FF /* AppIcon.png */,
				221B32452BA0ACAE0060BDF1 /* fastlane */,
				2270D4FC2B9B8F29004D26B8 /* iSpendUITests.xctestplan */,
				2270D4EC2B9B8AC6004D26B8 /* iSpendTest.xctestplan */,
				22C3457A2B9E53120049D67D /* iSpendUinitTests */,
				2276FD942A70512900E0B60F /* iSpend */,
				2270D4F22B9B8E4A004D26B8 /* iSpendUITests */,
				515A85BB272FD57B00C6A00C /* Products */,
			);
			sourceTree = "<group>";
		};
		515A85BB272FD57B00C6A00C /* Products */ = {
			isa = PBXGroup;
			children = (
				515A85BA272FD57B00C6A00C /* iSpend.app */,
				2276FD892A703E9300E0B60F /* iSpendTests.xctest */,
				2270D4F12B9B8E4A004D26B8 /* iSpendUITests.xctest */,
			);
			name = Products;
			sourceTree = "<group>";
		};
/* End PBXGroup section */

/* Begin PBXNativeTarget section */
		2270D4F02B9B8E4A004D26B8 /* iSpendUITests */ = {
			isa = PBXNativeTarget;
			buildConfigurationList = 2270D4F92B9B8E4A004D26B8 /* Build configuration list for PBXNativeTarget "iSpendUITests" */;
			buildPhases = (
				2270D4ED2B9B8E4A004D26B8 /* Sources */,
				2270D4EE2B9B8E4A004D26B8 /* Frameworks */,
				2270D4EF2B9B8E4A004D26B8 /* Resources */,
			);
			buildRules = (
			);
			dependencies = (
				2270D4F82B9B8E4A004D26B8 /* PBXTargetDependency */,
			);
			name = iSpendUITests;
			productName = iSpendUITests;
			productReference = 2270D4F12B9B8E4A004D26B8 /* iSpendUITests.xctest */;
			productType = "com.apple.product-type.bundle.ui-testing";
		};
		2276FD882A703E9300E0B60F /* iSpendTests */ = {
			isa = PBXNativeTarget;
			buildConfigurationList = 2276FD8F2A703E9300E0B60F /* Build configuration list for PBXNativeTarget "iSpendTests" */;
			buildPhases = (
				2276FD852A703E9300E0B60F /* Sources */,
				2276FD862A703E9300E0B60F /* Frameworks */,
				2276FD872A703E9300E0B60F /* Resources */,
			);
			buildRules = (
			);
			dependencies = (
				2276FD8E2A703E9300E0B60F /* PBXTargetDependency */,
			);
			name = iSpendTests;
			productName = iSpendTests;
			productReference = 2276FD892A703E9300E0B60F /* iSpendTests.xctest */;
			productType = "com.apple.product-type.bundle.unit-test";
		};
		515A85B9272FD57B00C6A00C /* iSpend */ = {
			isa = PBXNativeTarget;
			buildConfigurationList = 515A85C8272FD57D00C6A00C /* Build configuration list for PBXNativeTarget "iSpend" */;
			buildPhases = (
				515A85B6272FD57B00C6A00C /* Sources */,
				515A85B7272FD57B00C6A00C /* Frameworks */,
				515A85B8272FD57B00C6A00C /* Resources */,
			);
			buildRules = (
			);
			dependencies = (
			);
			name = iSpend;
			productName = iExpense;
			productReference = 515A85BA272FD57B00C6A00C /* iSpend.app */;
			productType = "com.apple.product-type.application";
		};
/* End PBXNativeTarget section */

/* Begin PBXProject section */
		515A85B2272FD57B00C6A00C /* Project object */ = {
			isa = PBXProject;
			attributes = {
				BuildIndependentTargetsInParallel = 1;
				LastSwiftUpdateCheck = 1520;
				LastUpgradeCheck = 1520;
				TargetAttributes = {
					2270D4F02B9B8E4A004D26B8 = {
						CreatedOnToolsVersion = 15.2;
						TestTargetID = 515A85B9272FD57B00C6A00C;
					};
					2276FD882A703E9300E0B60F = {
						CreatedOnToolsVersion = 14.3.1;
						LastSwiftMigration = 1430;
						TestTargetID = 515A85B9272FD57B00C6A00C;
					};
					515A85B9272FD57B00C6A00C = {
						CreatedOnToolsVersion = 13.1;
						LastSwiftMigration = 1430;
					};
				};
			};
			buildConfigurationList = 515A85B5272FD57B00C6A00C /* Build configuration list for PBXProject "iSpend" */;
			compatibilityVersion = "Xcode 13.0";
			developmentRegion = en;
			hasScannedForEncodings = 0;
			knownRegions = (
				en,
				Base,
			);
			mainGroup = 515A85B1272FD57B00C6A00C;
			productRefGroup = 515A85BB272FD57B00C6A00C /* Products */;
			projectDirPath = "";
			projectRoot = "";
			targets = (
				515A85B9272FD57B00C6A00C /* iSpend */,
				2276FD882A703E9300E0B60F /* iSpendTests */,
				2270D4F02B9B8E4A004D26B8 /* iSpendUITests */,
			);
		};
/* End PBXProject section */

/* Begin PBXResourcesBuildPhase section */
		2270D4EF2B9B8E4A004D26B8 /* Resources */ = {
			isa = PBXResourcesBuildPhase;
			buildActionMask = 2147483647;
			files = (
			);
			runOnlyForDeploymentPostprocessing = 0;
		};
		2276FD872A703E9300E0B60F /* Resources */ = {
			isa = PBXResourcesBuildPhase;
			buildActionMask = 2147483647;
			files = (
				2276FDFD2A70526300E0B60F /* Assets.xcassets in Resources */,
			);
			runOnlyForDeploymentPostprocessing = 0;
		};
		515A85B8272FD57B00C6A00C /* Resources */ = {
			isa = PBXResourcesBuildPhase;
			buildActionMask = 2147483647;
			files = (
				2276FE022A7192E700E0B60F /* README.md in Resources */,
				2276FDFC2A70526300E0B60F /* Assets.xcassets in Resources */,
			);
			runOnlyForDeploymentPostprocessing = 0;
		};
/* End PBXResourcesBuildPhase section */

/* Begin PBXSourcesBuildPhase section */
		2270D4ED2B9B8E4A004D26B8 /* Sources */ = {
			isa = PBXSourcesBuildPhase;
			buildActionMask = 2147483647;
			files = (
				2270D4F42B9B8E4A004D26B8 /* iSpendUITests.swift in Sources */,
				22851D962C73DE5500240BD6 /* CommonViews.swift in Sources */,
				22851D922C73BAB700240BD6 /* ExpenseModelView.swift in Sources */,
				22DF27592C6E8BF0007D1B7D /* ExpenseModelViewEditor.swift in Sources */,
				2270D4F62B9B8E4A004D26B8 /* iSpendUITestsLaunchTests.swift in Sources */,
				22851D9A2C73DE9B00240BD6 /* Utils.swift in Sources */,
			);
			runOnlyForDeploymentPostprocessing = 0;
		};
		2276FD852A703E9300E0B60F /* Sources */ = {
			isa = PBXSourcesBuildPhase;
			buildActionMask = 2147483647;
			files = (
				2270D4E82B9B8473004D26B8 /* Budgets.swift in Sources */,
				22DF27582C6E8BF0007D1B7D /* ExpenseModelViewEditor.swift in Sources */,
				22C3457C2B9E534C0049D67D /* iSpendUnitTest.swift in Sources */,
				2276FDEF2A70526300E0B60F /* FormatStyle-LocalCurrency.swift in Sources */,
				2276FDEB2A70526300E0B60F /* Expenses.swift in Sources */,
				2276FDF12A70526300E0B60F /* ContentView.swift in Sources */,
				2270D4E72B9B8167004D26B8 /* AddItemTestCase.swift in Sources */,
				2276FDF92A70526300E0B60F /* iSpendApp.swift in Sources */,
				2276FDF32A70526300E0B60F /* View-ExpenseStyling.swift in Sources */,
				22851D912C73BAB700240BD6 /* ExpenseModelView.swift in Sources */,
				22851D952C73DE5500240BD6 /* CommonViews.swift in Sources */,
				22851D992C73DE9B00240BD6 /* Utils.swift in Sources */,
			);
			runOnlyForDeploymentPostprocessing = 0;
		};
		515A85B6272FD57B00C6A00C /* Sources */ = {
			isa = PBXSourcesBuildPhase;
			buildActionMask = 2147483647;
			files = (
				2276FDEE2A70526300E0B60F /* FormatStyle-LocalCurrency.swift in Sources */,
				22851D942C73DE5500240BD6 /* CommonViews.swift in Sources */,
				22DF27572C6E8BF0007D1B7D /* ExpenseModelViewEditor.swift in Sources */,
				2276FDEA2A70526300E0B60F /* Expenses.swift in Sources */,
				229828A22B93F69600348C97 /* Budgets.swift in Sources */,
				22851D982C73DE9B00240BD6 /* Utils.swift in Sources */,
				22BB24672BFBCA0A00FF1294 /* SettingView.swift in Sources */,
				2276FDF02A70526300E0B60F /* ContentView.swift in Sources */,
				22BB24652BFBCA0A00FF1294 /* AddExpenseView.swift in Sources */,
				2273A3C52BFBDA53002B4260 /* ExpenseItemView.swift in Sources */,
				2276FDF82A70526300E0B60F /* iSpendApp.swift in Sources */,
				22851D902C73BAB700240BD6 /* ExpenseModelView.swift in Sources */,
				2206E4082C6BA3EB000B5AE4 /* ExpenseModel.swift in Sources */,
				22BB24662BFBCA0A00FF1294 /* Configuration.swift in Sources */,
				2276FDF22A70526300E0B60F /* View-ExpenseStyling.swift in Sources */,
			);
			runOnlyForDeploymentPostprocessing = 0;
		};
/* End PBXSourcesBuildPhase section */

/* Begin PBXTargetDependency section */
		2270D4F82B9B8E4A004D26B8 /* PBXTargetDependency */ = {
			isa = PBXTargetDependency;
			target = 515A85B9272FD57B00C6A00C /* iSpend */;
			targetProxy = 2270D4F72B9B8E4A004D26B8 /* PBXContainerItemProxy */;
		};
		2276FD8E2A703E9300E0B60F /* PBXTargetDependency */ = {
			isa = PBXTargetDependency;
			target = 515A85B9272FD57B00C6A00C /* iSpend */;
			targetProxy = 2276FD8D2A703E9300E0B60F /* PBXContainerItemProxy */;
		};
/* End PBXTargetDependency section */

/* Begin XCBuildConfiguration section */
		2270D4FA2B9B8E4A004D26B8 /* Debug */ = {
			isa = XCBuildConfiguration;
			buildSettings = {
				CLANG_CXX_LANGUAGE_STANDARD = "gnu++20";
				CODE_SIGN_STYLE = Automatic;
				CURRENT_PROJECT_VERSION = 11;
				DEVELOPMENT_TEAM = NJ55UC9QDK;
				GCC_C_LANGUAGE_STANDARD = gnu17;
				GENERATE_INFOPLIST_FILE = YES;
				IPHONEOS_DEPLOYMENT_TARGET = 17.2;
				LOCALIZATION_PREFERS_STRING_CATALOGS = YES;
				MARKETING_VERSION = 1.0;
				PRODUCT_BUNDLE_IDENTIFIER = com.origamisoftware.iSpendUITests;
				PRODUCT_NAME = "$(TARGET_NAME)";
				SWIFT_ACTIVE_COMPILATION_CONDITIONS = "DEBUG $(inherited)";
				SWIFT_EMIT_LOC_STRINGS = NO;
				SWIFT_VERSION = 5.0;
				TARGETED_DEVICE_FAMILY = "1,2";
				TEST_TARGET_NAME = iSpend;
			};
			name = Debug;
		};
		2270D4FB2B9B8E4A004D26B8 /* Release */ = {
			isa = XCBuildConfiguration;
			buildSettings = {
				CLANG_CXX_LANGUAGE_STANDARD = "gnu++20";
				CODE_SIGN_STYLE = Automatic;
				CURRENT_PROJECT_VERSION = 11;
				DEVELOPMENT_TEAM = NJ55UC9QDK;
				GCC_C_LANGUAGE_STANDARD = gnu17;
				GENERATE_INFOPLIST_FILE = YES;
				IPHONEOS_DEPLOYMENT_TARGET = 17.2;
				LOCALIZATION_PREFERS_STRING_CATALOGS = YES;
				MARKETING_VERSION = 1.0;
				PRODUCT_BUNDLE_IDENTIFIER = com.origamisoftware.iSpendUITests;
				PRODUCT_NAME = "$(TARGET_NAME)";
				SWIFT_EMIT_LOC_STRINGS = NO;
				SWIFT_VERSION = 5.0;
				TARGETED_DEVICE_FAMILY = "1,2";
				TEST_TARGET_NAME = iSpend;
			};
			name = Release;
		};
		2276FD902A703E9300E0B60F /* Debug */ = {
			isa = XCBuildConfiguration;
			buildSettings = {
				ALWAYS_EMBED_SWIFT_STANDARD_LIBRARIES = YES;
				BUNDLE_LOADER = "$(TEST_HOST)";
				CLANG_CXX_LANGUAGE_STANDARD = "gnu++20";
				CLANG_ENABLE_MODULES = YES;
				CODE_SIGN_STYLE = Automatic;
				CURRENT_PROJECT_VERSION = 11;
				DEVELOPMENT_TEAM = NJ55UC9QDK;
				GENERATE_INFOPLIST_FILE = YES;
				IPHONEOS_DEPLOYMENT_TARGET = 17.0;
				MARKETING_VERSION = 1.0;
				PRODUCT_BUNDLE_IDENTIFIER = origamisoftware.iSpendTests;
				PRODUCT_NAME = "$(TARGET_NAME)";
				SWIFT_EMIT_LOC_STRINGS = NO;
				SWIFT_OBJC_BRIDGING_HEADER = "iSpend/iSpendTests-Bridging-Header.h";
				SWIFT_OPTIMIZATION_LEVEL = "-Onone";
				SWIFT_VERSION = 5.0;
				TARGETED_DEVICE_FAMILY = "1,2";
				TEST_HOST = "$(BUILT_PRODUCTS_DIR)/iSpend.app/$(BUNDLE_EXECUTABLE_FOLDER_PATH)/iSpend";
			};
			name = Debug;
		};
		2276FD912A703E9300E0B60F /* Release */ = {
			isa = XCBuildConfiguration;
			buildSettings = {
				ALWAYS_EMBED_SWIFT_STANDARD_LIBRARIES = YES;
				BUNDLE_LOADER = "$(TEST_HOST)";
				CLANG_CXX_LANGUAGE_STANDARD = "gnu++20";
				CLANG_ENABLE_MODULES = YES;
				CODE_SIGN_STYLE = Automatic;
				CURRENT_PROJECT_VERSION = 11;
				DEVELOPMENT_TEAM = NJ55UC9QDK;
				GENERATE_INFOPLIST_FILE = YES;
				IPHONEOS_DEPLOYMENT_TARGET = 17.0;
				MARKETING_VERSION = 1.0;
				PRODUCT_BUNDLE_IDENTIFIER = origamisoftware.iSpendTests;
				PRODUCT_NAME = "$(TARGET_NAME)";
				SWIFT_EMIT_LOC_STRINGS = NO;
				SWIFT_OBJC_BRIDGING_HEADER = "iSpend/iSpendTests-Bridging-Header.h";
				SWIFT_VERSION = 5.0;
				TARGETED_DEVICE_FAMILY = "1,2";
				TEST_HOST = "$(BUILT_PRODUCTS_DIR)/iSpend.app/$(BUNDLE_EXECUTABLE_FOLDER_PATH)/iSpend";
			};
			name = Release;
		};
		515A85C6272FD57D00C6A00C /* Debug */ = {
			isa = XCBuildConfiguration;
			buildSettings = {
				ALWAYS_SEARCH_USER_PATHS = NO;
				ASSETCATALOG_COMPILER_GENERATE_SWIFT_ASSET_SYMBOL_EXTENSIONS = YES;
				CLANG_ANALYZER_NONNULL = YES;
				CLANG_ANALYZER_NUMBER_OBJECT_CONVERSION = YES_AGGRESSIVE;
				CLANG_CXX_LANGUAGE_STANDARD = "gnu++17";
				CLANG_CXX_LIBRARY = "libc++";
				CLANG_ENABLE_MODULES = YES;
				CLANG_ENABLE_OBJC_ARC = YES;
				CLANG_ENABLE_OBJC_WEAK = YES;
				CLANG_WARN_BLOCK_CAPTURE_AUTORELEASING = YES;
				CLANG_WARN_BOOL_CONVERSION = YES;
				CLANG_WARN_COMMA = YES;
				CLANG_WARN_CONSTANT_CONVERSION = YES;
				CLANG_WARN_DEPRECATED_OBJC_IMPLEMENTATIONS = YES;
				CLANG_WARN_DIRECT_OBJC_ISA_USAGE = YES_ERROR;
				CLANG_WARN_DOCUMENTATION_COMMENTS = YES;
				CLANG_WARN_EMPTY_BODY = YES;
				CLANG_WARN_ENUM_CONVERSION = YES;
				CLANG_WARN_INFINITE_RECURSION = YES;
				CLANG_WARN_INT_CONVERSION = YES;
				CLANG_WARN_NON_LITERAL_NULL_CONVERSION = YES;
				CLANG_WARN_OBJC_IMPLICIT_RETAIN_SELF = YES;
				CLANG_WARN_OBJC_LITERAL_CONVERSION = YES;
				CLANG_WARN_OBJC_ROOT_CLASS = YES_ERROR;
				CLANG_WARN_QUOTED_INCLUDE_IN_FRAMEWORK_HEADER = YES;
				CLANG_WARN_RANGE_LOOP_ANALYSIS = YES;
				CLANG_WARN_STRICT_PROTOTYPES = YES;
				CLANG_WARN_SUSPICIOUS_MOVE = YES;
				CLANG_WARN_UNGUARDED_AVAILABILITY = YES_AGGRESSIVE;
				CLANG_WARN_UNREACHABLE_CODE = YES;
				CLANG_WARN__DUPLICATE_METHOD_MATCH = YES;
				COPY_PHASE_STRIP = NO;
				DEBUG_INFORMATION_FORMAT = dwarf;
				ENABLE_STRICT_OBJC_MSGSEND = YES;
				ENABLE_TESTABILITY = YES;
				ENABLE_USER_SCRIPT_SANDBOXING = YES;
				GCC_C_LANGUAGE_STANDARD = gnu11;
				GCC_DYNAMIC_NO_PIC = NO;
				GCC_NO_COMMON_BLOCKS = YES;
				GCC_OPTIMIZATION_LEVEL = 0;
				GCC_PREPROCESSOR_DEFINITIONS = (
					"DEBUG=1",
					"$(inherited)",
				);
				GCC_WARN_64_TO_32_BIT_CONVERSION = YES;
				GCC_WARN_ABOUT_RETURN_TYPE = YES_ERROR;
				GCC_WARN_UNDECLARED_SELECTOR = YES;
				GCC_WARN_UNINITIALIZED_AUTOS = YES_AGGRESSIVE;
				GCC_WARN_UNUSED_FUNCTION = YES;
				GCC_WARN_UNUSED_VARIABLE = YES;
				GENERATE_INFOPLIST_FILE = YES;
				"INFOPLIST_FILE[sdk=*]" = "";
				IPHONEOS_DEPLOYMENT_TARGET = 17.0;
				MTL_ENABLE_DEBUG_INFO = INCLUDE_SOURCE;
				MTL_FAST_MATH = YES;
				ONLY_ACTIVE_ARCH = YES;
				SDKROOT = iphoneos;
				SWIFT_ACTIVE_COMPILATION_CONDITIONS = DEBUG;
				SWIFT_OPTIMIZATION_LEVEL = "-Onone";
			};
			name = Debug;
		};
		515A85C7272FD57D00C6A00C /* Release */ = {
			isa = XCBuildConfiguration;
			buildSettings = {
				ALWAYS_SEARCH_USER_PATHS = NO;
				ASSETCATALOG_COMPILER_GENERATE_SWIFT_ASSET_SYMBOL_EXTENSIONS = YES;
				CLANG_ANALYZER_NONNULL = YES;
				CLANG_ANALYZER_NUMBER_OBJECT_CONVERSION = YES_AGGRESSIVE;
				CLANG_CXX_LANGUAGE_STANDARD = "gnu++17";
				CLANG_CXX_LIBRARY = "libc++";
				CLANG_ENABLE_MODULES = YES;
				CLANG_ENABLE_OBJC_ARC = YES;
				CLANG_ENABLE_OBJC_WEAK = YES;
				CLANG_WARN_BLOCK_CAPTURE_AUTORELEASING = YES;
				CLANG_WARN_BOOL_CONVERSION = YES;
				CLANG_WARN_COMMA = YES;
				CLANG_WARN_CONSTANT_CONVERSION = YES;
				CLANG_WARN_DEPRECATED_OBJC_IMPLEMENTATIONS = YES;
				CLANG_WARN_DIRECT_OBJC_ISA_USAGE = YES_ERROR;
				CLANG_WARN_DOCUMENTATION_COMMENTS = YES;
				CLANG_WARN_EMPTY_BODY = YES;
				CLANG_WARN_ENUM_CONVERSION = YES;
				CLANG_WARN_INFINITE_RECURSION = YES;
				CLANG_WARN_INT_CONVERSION = YES;
				CLANG_WARN_NON_LITERAL_NULL_CONVERSION = YES;
				CLANG_WARN_OBJC_IMPLICIT_RETAIN_SELF = YES;
				CLANG_WARN_OBJC_LITERAL_CONVERSION = YES;
				CLANG_WARN_OBJC_ROOT_CLASS = YES_ERROR;
				CLANG_WARN_QUOTED_INCLUDE_IN_FRAMEWORK_HEADER = YES;
				CLANG_WARN_RANGE_LOOP_ANALYSIS = YES;
				CLANG_WARN_STRICT_PROTOTYPES = YES;
				CLANG_WARN_SUSPICIOUS_MOVE = YES;
				CLANG_WARN_UNGUARDED_AVAILABILITY = YES_AGGRESSIVE;
				CLANG_WARN_UNREACHABLE_CODE = YES;
				CLANG_WARN__DUPLICATE_METHOD_MATCH = YES;
				COPY_PHASE_STRIP = NO;
				DEBUG_INFORMATION_FORMAT = "dwarf-with-dsym";
				ENABLE_NS_ASSERTIONS = NO;
				ENABLE_STRICT_OBJC_MSGSEND = YES;
				ENABLE_USER_SCRIPT_SANDBOXING = YES;
				GCC_C_LANGUAGE_STANDARD = gnu11;
				GCC_NO_COMMON_BLOCKS = YES;
				GCC_WARN_64_TO_32_BIT_CONVERSION = YES;
				GCC_WARN_ABOUT_RETURN_TYPE = YES_ERROR;
				GCC_WARN_UNDECLARED_SELECTOR = YES;
				GCC_WARN_UNINITIALIZED_AUTOS = YES_AGGRESSIVE;
				GCC_WARN_UNUSED_FUNCTION = YES;
				GCC_WARN_UNUSED_VARIABLE = YES;
				GENERATE_INFOPLIST_FILE = YES;
				IPHONEOS_DEPLOYMENT_TARGET = 17.0;
				MTL_ENABLE_DEBUG_INFO = NO;
				MTL_FAST_MATH = YES;
				SDKROOT = iphoneos;
				SWIFT_COMPILATION_MODE = wholemodule;
				SWIFT_OPTIMIZATION_LEVEL = "-O";
				VALIDATE_PRODUCT = YES;
			};
			name = Release;
		};
		515A85C9272FD57D00C6A00C /* Debug */ = {
			isa = XCBuildConfiguration;
			buildSettings = {
				ASSETCATALOG_COMPILER_APPICON_NAME = AppIcon;
				ASSETCATALOG_COMPILER_GLOBAL_ACCENT_COLOR_NAME = AccentColor;
				CLANG_ENABLE_MODULES = YES;
				CODE_SIGN_ENTITLEMENTS = iSpend/iSpend.entitlements;
				CODE_SIGN_IDENTITY = "Apple Development";
				CODE_SIGN_STYLE = Automatic;
				CURRENT_PROJECT_VERSION = 12;
				DEVELOPMENT_ASSET_PATHS = "\"iSpend/Preview Content\"";
				DEVELOPMENT_TEAM = NJ55UC9QDK;
				ENABLE_PREVIEWS = YES;
				ENABLE_USER_SCRIPT_SANDBOXING = NO;
				GENERATE_INFOPLIST_FILE = YES;
				INFOPLIST_KEY_CFBundleDisplayName = "iSpend-CBT";
				INFOPLIST_KEY_LSApplicationCategoryType = "public.app-category.finance";
				INFOPLIST_KEY_UIApplicationSceneManifest_Generation = YES;
				INFOPLIST_KEY_UIApplicationSupportsIndirectInputEvents = YES;
				INFOPLIST_KEY_UILaunchScreen_Generation = YES;
				INFOPLIST_KEY_UISupportedInterfaceOrientations = "UIInterfaceOrientationLandscapeLeft UIInterfaceOrientationLandscapeRight UIInterfaceOrientationPortrait";
				INFOPLIST_KEY_UISupportedInterfaceOrientations_iPad = "UIInterfaceOrientationLandscapeLeft UIInterfaceOrientationLandscapeRight UIInterfaceOrientationPortrait UIInterfaceOrientationPortraitUpsideDown";
				IPHONEOS_DEPLOYMENT_TARGET = 17.0;
				LD_RUNPATH_SEARCH_PATHS = (
					"$(inherited)",
					"@executable_path/Frameworks",
				);
				MARKETING_VERSION = 10;
				PRODUCT_BUNDLE_IDENTIFIER = com.orgiamisoftware.ispend;
				PRODUCT_NAME = "$(TARGET_NAME)";
				PROVISIONING_PROFILE_SPECIFIER = "";
				SUPPORTED_PLATFORMS = "iphoneos iphonesimulator";
				SUPPORTS_MACCATALYST = YES;
				SUPPORTS_MAC_DESIGNED_FOR_IPHONE_IPAD = NO;
				SUPPORTS_XR_DESIGNED_FOR_IPHONE_IPAD = NO;
				SWIFT_EMIT_LOC_STRINGS = YES;
				SWIFT_OBJC_BRIDGING_HEADER = "iExpense-Bridging-Header.h";
				SWIFT_OPTIMIZATION_LEVEL = "-Onone";
				SWIFT_VERSION = 5.0;
				TARGETED_DEVICE_FAMILY = "1,2";
			};
			name = Debug;
		};
		515A85CA272FD57D00C6A00C /* Release */ = {
			isa = XCBuildConfiguration;
			buildSettings = {
				ASSETCATALOG_COMPILER_APPICON_NAME = AppIcon;
				ASSETCATALOG_COMPILER_GLOBAL_ACCENT_COLOR_NAME = AccentColor;
				CLANG_ENABLE_MODULES = YES;
				CODE_SIGN_ENTITLEMENTS = iSpend/iSpend.entitlements;
				CODE_SIGN_IDENTITY = "Apple Development";
				CODE_SIGN_STYLE = Automatic;
				CURRENT_PROJECT_VERSION = 12;
				DEVELOPMENT_ASSET_PATHS = "\"iSpend/Preview Content\"";
				DEVELOPMENT_TEAM = NJ55UC9QDK;
				ENABLE_PREVIEWS = YES;
				ENABLE_USER_SCRIPT_SANDBOXING = NO;
				GENERATE_INFOPLIST_FILE = YES;
				INFOPLIST_KEY_CFBundleDisplayName = "iSpend-CBT";
				INFOPLIST_KEY_LSApplicationCategoryType = "public.app-category.finance";
				INFOPLIST_KEY_UIApplicationSceneManifest_Generation = YES;
				INFOPLIST_KEY_UIApplicationSupportsIndirectInputEvents = YES;
				INFOPLIST_KEY_UILaunchScreen_Generation = YES;
				INFOPLIST_KEY_UISupportedInterfaceOrientations = "UIInterfaceOrientationLandscapeLeft UIInterfaceOrientationLandscapeRight UIInterfaceOrientationPortrait";
				INFOPLIST_KEY_UISupportedInterfaceOrientations_iPad = "UIInterfaceOrientationLandscapeLeft UIInterfaceOrientationLandscapeRight UIInterfaceOrientationPortrait UIInterfaceOrientationPortraitUpsideDown";
				IPHONEOS_DEPLOYMENT_TARGET = 17.0;
				LD_RUNPATH_SEARCH_PATHS = (
					"$(inherited)",
					"@executable_path/Frameworks",
				);
				MARKETING_VERSION = 10;
				PRODUCT_BUNDLE_IDENTIFIER = com.orgiamisoftware.ispend;
				PRODUCT_NAME = "$(TARGET_NAME)";
				PROVISIONING_PROFILE_SPECIFIER = "";
				SUPPORTED_PLATFORMS = "iphoneos iphonesimulator";
				SUPPORTS_MACCATALYST = YES;
				SUPPORTS_MAC_DESIGNED_FOR_IPHONE_IPAD = NO;
				SUPPORTS_XR_DESIGNED_FOR_IPHONE_IPAD = NO;
				SWIFT_EMIT_LOC_STRINGS = YES;
				SWIFT_OBJC_BRIDGING_HEADER = "iExpense-Bridging-Header.h";
				SWIFT_VERSION = 5.0;
				TARGETED_DEVICE_FAMILY = "1,2";
			};
			name = Release;
		};
/* End XCBuildConfiguration section */

/* Begin XCConfigurationList section */
		2270D4F92B9B8E4A004D26B8 /* Build configuration list for PBXNativeTarget "iSpendUITests" */ = {
			isa = XCConfigurationList;
			buildConfigurations = (
				2270D4FA2B9B8E4A004D26B8 /* Debug */,
				2270D4FB2B9B8E4A004D26B8 /* Release */,
			);
			defaultConfigurationIsVisible = 0;
			defaultConfigurationName = Release;
		};
		2276FD8F2A703E9300E0B60F /* Build configuration list for PBXNativeTarget "iSpendTests" */ = {
			isa = XCConfigurationList;
			buildConfigurations = (
				2276FD902A703E9300E0B60F /* Debug */,
				2276FD912A703E9300E0B60F /* Release */,
			);
			defaultConfigurationIsVisible = 0;
			defaultConfigurationName = Release;
		};
		515A85B5272FD57B00C6A00C /* Build configuration list for PBXProject "iSpend" */ = {
			isa = XCConfigurationList;
			buildConfigurations = (
				515A85C6272FD57D00C6A00C /* Debug */,
				515A85C7272FD57D00C6A00C /* Release */,
			);
			defaultConfigurationIsVisible = 0;
			defaultConfigurationName = Release;
		};
		515A85C8272FD57D00C6A00C /* Build configuration list for PBXNativeTarget "iSpend" */ = {
			isa = XCConfigurationList;
			buildConfigurations = (
				515A85C9272FD57D00C6A00C /* Debug */,
				515A85CA272FD57D00C6A00C /* Release */,
			);
			defaultConfigurationIsVisible = 0;
			defaultConfigurationName = Release;
		};
/* End XCConfigurationList section */
	};
	rootObject = 515A85B2272FD57B00C6A00C /* Project object */;
}
